
Microsoft Visual Studio Solution File, Format Version 12.00
# Visual Studio Version 17
VisualStudioVersion = 17.0.31903.59
MinimumVisualStudioVersion = 10.0.40219.1
Project("{FAE04EC0-301F-11D3-BF4B-00C04F79EFBC}") = "Pedagogie.Api", "src\Pedagogie.Api\Pedagogie.Api.csproj", "{1A2B3C4D-5E6F-7890-ABCD-EF1234560001}"
EndProject
Project("{FAE04EC0-301F-11D3-BF4B-00C04F79EFBC}") = "Pedagogie.Domain", "src\Pedagogie.Domain\Pedagogie.Domain.csproj", "{1A2B3C4D-5E6F-7890-ABCD-EF1234560002}"
EndProject
Project("{FAE04EC0-301F-11D3-BF4B-00C04F79EFBC}") = "Pedagogie.Application", "src\Pedagogie.Application\Pedagogie.Application.csproj", "{1A2B3C4D-5E6F-7890-ABCD-EF1234560003}"
EndProject
Project("{FAE04EC0-301F-11D3-BF4B-00C04F79EFBC}") = "Pedagogie.Infrastructure", "src\Pedagogie.Infrastructure\Pedagogie.Infrastructure.csproj", "{1A2B3C4D-5E6F-7890-ABCD-EF1234560004}"
EndProject
Project("{FAE04EC0-301F-11D3-BF4B-00C04F79EFBC}") = "Pedagogie.Tests.Unit", "tests\Pedagogie.Tests.Unit\Pedagogie.Tests.Unit.csproj", "{1A2B3C4D-5E6F-7890-ABCD-EF1234560005}"
EndProject
Project("{FAE04EC0-301F-11D3-BF4B-00C04F79EFBC}") = "Pedagogie.Tests.Integration", "tests\Pedagogie.Tests.Integration\Pedagogie.Tests.Integration.csproj", "{1A2B3C4D-5E6F-7890-ABCD-EF1234560006}"
EndProject
Global
	GlobalSection(SolutionConfigurationPlatforms) = preSolution
		Debug|Any CPU = Debug|Any CPU
		Release|Any CPU = Release|Any CPU
	EndGlobalSection
	GlobalSection(ProjectConfigurationPlatforms) = postSolution
		{1A2B3C4D-5E6F-7890-ABCD-EF1234560001}.Debug|Any CPU.ActiveCfg = Debug|Any CPU
		{1A2B3C4D-5E6F-7890-ABCD-EF1234560001}.Debug|Any CPU.Build.0 = Debug|Any CPU
		{1A2B3C4D-5E6F-7890-ABCD-EF1234560001}.Release|Any CPU.ActiveCfg = Release|Any CPU
		{1A2B3C4D-5E6F-7890-ABCD-EF1234560001}.Release|Any CPU.Build.0 = Release|Any CPU
		{1A2B3C4D-5E6F-7890-ABCD-EF1234560002}.Debug|Any CPU.ActiveCfg = Debug|Any CPU
		{1A2B3C4D-5E6F-7890-ABCD-EF1234560002}.Debug|Any CPU.Build.0 = Debug|Any CPU
		{1A2B3C4D-5E6F-7890-ABCD-EF1234560002}.Release|Any CPU.ActiveCfg = Release|Any CPU
		{1A2B3C4D-5E6F-7890-ABCD-EF1234560002}.Release|Any CPU.Build.0 = Release|Any CPU
		{1A2B3C4D-5E6F-7890-ABCD-EF1234560003}.Debug|Any CPU.ActiveCfg = Debug|Any CPU
		{1A2B3C4D-5E6F-7890-ABCD-EF1234560003}.Debug|Any CPU.Build.0 = Debug|Any CPU
		{1A2B3C4D-5E6F-7890-ABCD-EF1234560003}.Release|Any CPU.ActiveCfg = Release|Any CPU
		{1A2B3C4D-5E6F-7890-ABCD-EF1234560003}.Release|Any CPU.Build.0 = Release|Any CPU
		{1A2B3C4D-5E6F-7890-ABCD-EF1234560004}.Debug|Any CPU.ActiveCfg = Debug|Any CPU
		{1A2B3C4D-5E6F-7890-ABCD-EF1234560004}.Debug|Any CPU.Build.0 = Debug|Any CPU
		{1A2B3C4D-5E6F-7890-ABCD-EF1234560004}.Release|Any CPU.ActiveCfg = Release|Any CPU
		{1A2B3C4D-5E6F-7890-ABCD-EF1234560004}.Release|Any CPU.Build.0 = Release|Any CPU
		{1A2B3C4D-5E6F-7890-ABCD-EF1234560005}.Debug|Any CPU.ActiveCfg = Debug|Any CPU
		{1A2B3C4D-5E6F-7890-ABCD-EF1234560005}.Debug|Any CPU.Build.0 = Debug|Any CPU
		{1A2B3C4D-5E6F-7890-ABCD-EF1234560005}.Release|Any CPU.ActiveCfg = Release|Any CPU
		{1A2B3C4D-5E6F-7890-ABCD-EF1234560005}.Release|Any CPU.Build.0 = Release|Any CPU
		{1A2B3C4D-5E6F-7890-ABCD-EF1234560006}.Debug|Any CPU.ActiveCfg = Debug|Any CPU
		{1A2B3C4D-5E6F-7890-ABCD-EF1234560006}.Debug|Any CPU.Build.0 = Debug|Any CPU
		{1A2B3C4D-5E6F-7890-ABCD-EF1234560006}.Release|Any CPU.ActiveCfg = Release|Any CPU
		{1A2B3C4D-5E6F-7890-ABCD-EF1234560006}.Release|Any CPU.Build.0 = Release|Any CPU
	EndGlobalSection
EndGlobal
